
Microsoft Visual Studio Solution File, Format Version 12.00
# Visual Studio Version 17
VisualStudioVersion = 17.4.33205.214
MinimumVisualStudioVersion = 10.0.40219.1
Project("{9A19103F-16F7-4668-BE54-9A1E7A4F7556}") = "ApiProducts", "ApiProducts\ApiProducts.csproj", "{6C6F5CFE-A84B-4BB8-93BB-617980849461}"
EndProject
Project("{FAE04EC0-301F-11D3-BF4B-00C04F79EFBC}") = "ApiProducts.Data", "ApiProducts.Data\ApiProducts.Data.csproj", "{EC7BB8D1-33B3-410C-BC09-6303E658149F}"
EndProject
Project("{FAE04EC0-301F-11D3-BF4B-00C04F79EFBC}") = "ApiProducts.Domain", "ApiProducts.Domain\ApiProducts.Domain.csproj", "{53DF401A-CDBB-46B2-955A-7A9C8FC6A112}"
EndProject
Global
	GlobalSection(SolutionConfigurationPlatforms) = preSolution
		Debug|Any CPU = Debug|Any CPU
		Release|Any CPU = Release|Any CPU
	EndGlobalSection
	GlobalSection(ProjectConfigurationPlatforms) = postSolution
		{6C6F5CFE-A84B-4BB8-93BB-617980849461}.Debug|Any CPU.ActiveCfg = Debug|Any CPU
		{6C6F5CFE-A84B-4BB8-93BB-617980849461}.Debug|Any CPU.Build.0 = Debug|Any CPU
		{6C6F5CFE-A84B-4BB8-93BB-617980849461}.Release|Any CPU.ActiveCfg = Release|Any CPU
		{6C6F5CFE-A84B-4BB8-93BB-617980849461}.Release|Any CPU.Build.0 = Release|Any CPU
		{EC7BB8D1-33B3-410C-BC09-6303E658149F}.Debug|Any CPU.ActiveCfg = Debug|Any CPU
		{EC7BB8D1-33B3-410C-BC09-6303E658149F}.Debug|Any CPU.Build.0 = Debug|Any CPU
		{EC7BB8D1-33B3-410C-BC09-6303E658149F}.Release|Any CPU.ActiveCfg = Release|Any CPU
		{EC7BB8D1-33B3-410C-BC09-6303E658149F}.Release|Any CPU.Build.0 = Release|Any CPU
		{53DF401A-CDBB-46B2-955A-7A9C8FC6A112}.Debug|Any CPU.ActiveCfg = Debug|Any CPU
		{53DF401A-CDBB-46B2-955A-7A9C8FC6A112}.Debug|Any CPU.Build.0 = Debug|Any CPU
		{53DF401A-CDBB-46B2-955A-7A9C8FC6A112}.Release|Any CPU.ActiveCfg = Release|Any CPU
		{53DF401A-CDBB-46B2-955A-7A9C8FC6A112}.Release|Any CPU.Build.0 = Release|Any CPU
	EndGlobalSection
	GlobalSection(SolutionProperties) = preSolution
		HideSolutionNode = FALSE
	EndGlobalSection
	GlobalSection(ExtensibilityGlobals) = postSolution
		SolutionGuid = {F4F9FB11-1DAC-4DC5-B365-774884766900}
	EndGlobalSection
EndGlobal
